// !$*UTF8*$!
{
	archiveVersion = 1;
	classes = {
	};
	objectVersion = 77;
	objects = {

/* Begin PBXContainerItemProxy section */
		A41C5CF92ED0A5DA00C44E2B /* PBXContainerItemProxy */ = {
			isa = PBXContainerItemProxy;
			containerPortal = A41C5CE32ED0A5D700C44E2B /* Project object */;
			proxyType = 1;
			remoteGlobalIDString = A41C5CEA2ED0A5D700C44E2B;
			remoteInfo = "SMS Protection";
		};
		A41C5D032ED0A5DA00C44E2B /* PBXContainerItemProxy */ = {
			isa = PBXContainerItemProxy;
			containerPortal = A41C5CE32ED0A5D700C44E2B /* Project object */;
			proxyType = 1;
			remoteGlobalIDString = A41C5CEA2ED0A5D700C44E2B;
			remoteInfo = "SMS Protection";
		};
/* End PBXContainerItemProxy section */

/* Begin PBXFileReference section */
		A41C5CEB2ED0A5D700C44E2B /* SMS Protection.app */ = {isa = PBXFileReference; explicitFileType = wrapper.application; includeInIndex = 0; path = "SMS Protection.app"; sourceTree = BUILT_PRODUCTS_DIR; };
		A41C5CF82ED0A5DA00C44E2B /* SMS ProtectionTests.xctest */ = {isa = PBXFileReference; explicitFileType = wrapper.cfbundle; includeInIndex = 0; path = "SMS ProtectionTests.xctest"; sourceTree = BUILT_PRODUCTS_DIR; };
		A41C5D022ED0A5DA00C44E2B /* SMS ProtectionUITests.xctest */ = {isa = PBXFileReference; explicitFileType = wrapper.cfbundle; includeInIndex = 0; path = "SMS ProtectionUITests.xctest"; sourceTree = BUILT_PRODUCTS_DIR; };
/* End PBXFileReference section */

/* Begin PBXFileSystemSynchronizedRootGroup section */
		A41C5CED2ED0A5D700C44E2B /* SMS Protection */ = {
			isa = PBXFileSystemSynchronizedRootGroup;
			path = "SMS Protection";
			sourceTree = "<group>";
		};
		A41C5CFB2ED0A5DA00C44E2B /* SMS ProtectionTests */ = {
			isa = PBXFileSystemSynchronizedRootGroup;
			path = "SMS ProtectionTests";
			sourceTree = "<group>";
		};
		A41C5D052ED0A5DA00C44E2B /* SMS ProtectionUITests */ = {
			isa = PBXFileSystemSynchronizedRootGroup;
			path = "SMS ProtectionUITests";
			sourceTree = "<group>";
		};
/* End PBXFileSystemSynchronizedRootGroup section */

/* Begin PBXFrameworksBuildPhase section */
		A41C5CE82ED0A5D700C44E2B /* Frameworks */ = {
			isa = PBXFrameworksBuildPhase;
			buildActionMask = 2147483647;
			files = (
			);
			runOnlyForDeploymentPostprocessing = 0;
		};
		A41C5CF52ED0A5DA00C44E2B /* Frameworks */ = {
			isa = PBXFrameworksBuildPhase;
			buildActionMask = 2147483647;
			files = (
			);
			runOnlyForDeploymentPostprocessing = 0;
		};
		A41C5CFF2ED0A5DA00C44E2B /* Frameworks */ = {
			isa = PBXFrameworksBuildPhase;
			buildActionMask = 2147483647;
			files = (
			);
			runOnlyForDeploymentPostprocessing = 0;
		};
/* End PBXFrameworksBuildPhase section */

/* Begin PBXGroup section */
		A41C5CE22ED0A5D700C44E2B = {
			isa = PBXGroup;
			children = (
				A41C5CED2ED0A5D700C44E2B /* SMS Protection */,
				A41C5CFB2ED0A5DA00C44E2B /* SMS ProtectionTests */,
				A41C5D052ED0A5DA00C44E2B /* SMS ProtectionUITests */,
				A41C5CEC2ED0A5D700C44E2B /* Products */,
			);
			sourceTree = "<group>";
		};
		A41C5CEC2ED0A5D700C44E2B /* Products */ = {
			isa = PBXGroup;
			children = (
				A41C5CEB2ED0A5D700C44E2B /* SMS Protection.app */,
				A41C5CF82ED0A5DA00C44E2B /* SMS ProtectionTests.xctest */,
				A41C5D022ED0A5DA00C44E2B /* SMS ProtectionUITests.xctest */,
			);
			name = Products;
			sourceTree = "<group>";
		};
/* End PBXGroup section */

/* Begin PBXNativeTarget section */
		A41C5CEA2ED0A5D700C44E2B /* SMS Protection */ = {
			isa = PBXNativeTarget;
			buildConfigurationList = A41C5D0C2ED0A5DA00C44E2B /* Build configuration list for PBXNativeTarget "SMS Protection" */;
			buildPhases = (
				A41C5CE72ED0A5D700C44E2B /* Sources */,
				A41C5CE82ED0A5D700C44E2B /* Frameworks */,
				A41C5CE92ED0A5D700C44E2B /* Resources */,
			);
			buildRules = (
			);
			dependencies = (
			);
			fileSystemSynchronizedGroups = (
				A41C5CED2ED0A5D700C44E2B /* SMS Protection */,
			);
			name = "SMS Protection";
			packageProductDependencies = (
			);
			productName = "SMS Protection";
			productReference = A41C5CEB2ED0A5D700C44E2B /* SMS Protection.app */;
			productType = "com.apple.product-type.application";
		};
		A41C5CF72ED0A5DA00C44E2B /* SMS ProtectionTests */ = {
			isa = PBXNativeTarget;
			buildConfigurationList = A41C5D0F2ED0A5DA00C44E2B /* Build configuration list for PBXNativeTarget "SMS ProtectionTests" */;
			buildPhases = (
				A41C5CF42ED0A5DA00C44E2B /* Sources */,
				A41C5CF52ED0A5DA00C44E2B /* Frameworks */,
				A41C5CF62ED0A5DA00C44E2B /* Resources */,
			);
			buildRules = (
			);
			dependencies = (
				A41C5CFA2ED0A5DA00C44E2B /* PBXTargetDependency */,
			);
			fileSystemSynchronizedGroups = (
				A41C5CFB2ED0A5DA00C44E2B /* SMS ProtectionTests */,
			);
			name = "SMS ProtectionTests";
			packageProductDependencies = (
			);
			productName = "SMS ProtectionTests";
			productReference = A41C5CF82ED0A5DA00C44E2B /* SMS ProtectionTests.xctest */;
			productType = "com.apple.product-type.bundle.unit-test";
		};
		A41C5D012ED0A5DA00C44E2B /* SMS ProtectionUITests */ = {
			isa = PBXNativeTarget;
			buildConfigurationList = A41C5D122ED0A5DA00C44E2B /* Build configuration list for PBXNativeTarget "SMS ProtectionUITests" */;
			buildPhases = (
				A41C5CFE2ED0A5DA00C44E2B /* Sources */,
				A41C5CFF2ED0A5DA00C44E2B /* Frameworks */,
				A41C5D002ED0A5DA00C44E2B /* Resources */,
			);
			buildRules = (
			);
			dependencies = (
				A41C5D042ED0A5DA00C44E2B /* PBXTargetDependency */,
			);
			fileSystemSynchronizedGroups = (
				A41C5D052ED0A5DA00C44E2B /* SMS ProtectionUITests */,
			);
			name = "SMS ProtectionUITests";
			packageProductDependencies = (
			);
			productName = "SMS ProtectionUITests";
			productReference = A41C5D022ED0A5DA00C44E2B /* SMS ProtectionUITests.xctest */;
			productType = "com.apple.product-type.bundle.ui-testing";
		};
/* End PBXNativeTarget section */

/* Begin PBXProject section */
		A41C5CE32ED0A5D700C44E2B /* Project object */ = {
			isa = PBXProject;
			attributes = {
				BuildIndependentTargetsInParallel = 1;
				LastSwiftUpdateCheck = 2610;
				LastUpgradeCheck = 2610;
				TargetAttributes = {
					A41C5CEA2ED0A5D700C44E2B = {
						CreatedOnToolsVersion = 26.1.1;
					};
					A41C5CF72ED0A5DA00C44E2B = {
						CreatedOnToolsVersion = 26.1.1;
						TestTargetID = A41C5CEA2ED0A5D700C44E2B;
					};
					A41C5D012ED0A5DA00C44E2B = {
						CreatedOnToolsVersion = 26.1.1;
						TestTargetID = A41C5CEA2ED0A5D700C44E2B;
					};
				};
			};
			buildConfigurationList = A41C5CE62ED0A5D700C44E2B /* Build configuration list for PBXProject "SMS Protection" */;
			developmentRegion = en;
			hasScannedForEncodings = 0;
			knownRegions = (
				en,
				Base,
			);
			mainGroup = A41C5CE22ED0A5D700C44E2B;
			minimizedProjectReferenceProxies = 1;
			preferredProjectObjectVersion = 77;
			productRefGroup = A41C5CEC2ED0A5D700C44E2B /* Products */;
			projectDirPath = "";
			projectRoot = "";
			targets = (
				A41C5CEA2ED0A5D700C44E2B /* SMS Protection */,
				A41C5CF72ED0A5DA00C44E2B /* SMS ProtectionTests */,
				A41C5D012ED0A5DA00C44E2B /* SMS ProtectionUITests */,
			);
		};
/* End PBXProject section */

/* Begin PBXResourcesBuildPhase section */
		A41C5CE92ED0A5D700C44E2B /* Resources */ = {
			isa = PBXResourcesBuildPhase;
			buildActionMask = 2147483647;
			files = (
			);
			runOnlyForDeploymentPostprocessing = 0;
		};
		A41C5CF62ED0A5DA00C44E2B /* Resources */ = {
			isa = PBXResourcesBuildPhase;
			buildActionMask = 2147483647;
			files = (
			);
			runOnlyForDeploymentPostprocessing = 0;
		};
		A41C5D002ED0A5DA00C44E2B /* Resources */ = {
			isa = PBXResourcesBuildPhase;
			buildActionMask = 2147483647;
			files = (
			);
			runOnlyForDeploymentPostprocessing = 0;
		};
/* End PBXResourcesBuildPhase section */

/* Begin PBXSourcesBuildPhase section */
		A41C5CE72ED0A5D700C44E2B /* Sources */ = {
			isa = PBXSourcesBuildPhase;
			buildActionMask = 2147483647;
			files = (
			);
			runOnlyForDeploymentPostprocessing = 0;
		};
		A41C5CF42ED0A5DA00C44E2B /* Sources */ = {
			isa = PBXSourcesBuildPhase;
			buildActionMask = 2147483647;
			files = (
			);
			runOnlyForDeploymentPostprocessing = 0;
		};
		A41C5CFE2ED0A5DA00C44E2B /* Sources */ = {
			isa = PBXSourcesBuildPhase;
			buildActionMask = 2147483647;
			files = (
			);
			runOnlyForDeploymentPostprocessing = 0;
		};
/* End PBXSourcesBuildPhase section */

/* Begin PBXTargetDependency section */
		A41C5CFA2ED0A5DA00C44E2B /* PBXTargetDependency */ = {
			isa = PBXTargetDependency;
			target = A41C5CEA2ED0A5D700C44E2B /* SMS Protection */;
			targetProxy = A41C5CF92ED0A5DA00C44E2B /* PBXContainerItemProxy */;
		};
		A41C5D042ED0A5DA00C44E2B /* PBXTargetDependency */ = {
			isa = PBXTargetDependency;
			target = A41C5CEA2ED0A5D700C44E2B /* SMS Protection */;
			targetProxy = A41C5D032ED0A5DA00C44E2B /* PBXContainerItemProxy */;
		};
/* End PBXTargetDependency section */

/* Begin XCBuildConfiguration section */
		A41C5D0A2ED0A5DA00C44E2B /* Debug */ = {
			isa = XCBuildConfiguration;
			buildSettings = {
				ALWAYS_SEARCH_USER_PATHS = NO;
				ASSETCATALOG_COMPILER_GENERATE_SWIFT_ASSET_SYMBOL_EXTENSIONS = YES;
				CLANG_ANALYZER_NONNULL = YES;
				CLANG_ANALYZER_NUMBER_OBJECT_CONVERSION = YES_AGGRESSIVE;
				CLANG_CXX_LANGUAGE_STANDARD = "gnu++20";
				CLANG_ENABLE_MODULES = YES;
				CLANG_ENABLE_OBJC_ARC = YES;
				CLANG_ENABLE_OBJC_WEAK = YES;
				CLANG_WARN_BLOCK_CAPTURE_AUTORELEASING = YES;
				CLANG_WARN_BOOL_CONVERSION = YES;
				CLANG_WARN_COMMA = YES;
				CLANG_WARN_CONSTANT_CONVERSION = YES;
				CLANG_WARN_DEPRECATED_OBJC_IMPLEMENTATIONS = YES;
				CLANG_WARN_DIRECT_OBJC_ISA_USAGE = YES_ERROR;
				CLANG_WARN_DOCUMENTATION_COMMENTS = YES;
				CLANG_WARN_EMPTY_BODY = YES;
				CLANG_WARN_ENUM_CONVERSION = YES;
				CLANG_WARN_INFINITE_RECURSION = YES;
				CLANG_WARN_INT_CONVERSION = YES;
				CLANG_WARN_NON_LITERAL_NULL_CONVERSION = YES;
				CLANG_WARN_OBJC_IMPLICIT_RETAIN_SELF = YES;
				CLANG_WARN_OBJC_LITERAL_CONVERSION = YES;
				CLANG_WARN_OBJC_ROOT_CLASS = YES_ERROR;
				CLANG_WARN_QUOTED_INCLUDE_IN_FRAMEWORK_HEADER = YES;
				CLANG_WARN_RANGE_LOOP_ANALYSIS = YES;
				CLANG_WARN_STRICT_PROTOTYPES = YES;
				CLANG_WARN_SUSPICIOUS_MOVE = YES;
				CLANG_WARN_UNGUARDED_AVAILABILITY = YES_AGGRESSIVE;
				CLANG_WARN_UNREACHABLE_CODE = YES;
				CLANG_WARN__DUPLICATE_METHOD_MATCH = YES;
				COPY_PHASE_STRIP = NO;
				DEBUG_INFORMATION_FORMAT = dwarf;
				DEVELOPMENT_TEAM = G64X4LJMLZ;
				ENABLE_STRICT_OBJC_MSGSEND = YES;
				ENABLE_TESTABILITY = YES;
				ENABLE_USER_SCRIPT_SANDBOXING = YES;
				GCC_C_LANGUAGE_STANDARD = gnu17;
				GCC_DYNAMIC_NO_PIC = NO;
				GCC_NO_COMMON_BLOCKS = YES;
				GCC_OPTIMIZATION_LEVEL = 0;
				GCC_PREPROCESSOR_DEFINITIONS = (
					"DEBUG=1",
					"$(inherited)",
				);
				GCC_WARN_64_TO_32_BIT_CONVERSION = YES;
				GCC_WARN_ABOUT_RETURN_TYPE = YES_ERROR;
				GCC_WARN_UNDECLARED_SELECTOR = YES;
				GCC_WARN_UNINITIALIZED_AUTOS = YES_AGGRESSIVE;
				GCC_WARN_UNUSED_FUNCTION = YES;
				GCC_WARN_UNUSED_VARIABLE = YES;
				IPHONEOS_DEPLOYMENT_TARGET = 26.1;
				LOCALIZATION_PREFERS_STRING_CATALOGS = YES;
				MTL_ENABLE_DEBUG_INFO = INCLUDE_SOURCE;
				MTL_FAST_MATH = YES;
				ONLY_ACTIVE_ARCH = YES;
				SDKROOT = iphoneos;
				SWIFT_ACTIVE_COMPILATION_CONDITIONS = "DEBUG $(inherited)";
				SWIFT_OPTIMIZATION_LEVEL = "-Onone";
			};
			name = Debug;
		};
		A41C5D0B2ED0A5DA00C44E2B /* Release */ = {
			isa = XCBuildConfiguration;
			buildSettings = {
				ALWAYS_SEARCH_USER_PATHS = NO;
				ASSETCATALOG_COMPILER_GENERATE_SWIFT_ASSET_SYMBOL_EXTENSIONS = YES;
				CLANG_ANALYZER_NONNULL = YES;
				CLANG_ANALYZER_NUMBER_OBJECT_CONVERSION = YES_AGGRESSIVE;
				CLANG_CXX_LANGUAGE_STANDARD = "gnu++20";
				CLANG_ENABLE_MODULES = YES;
				CLANG_ENABLE_OBJC_ARC = YES;
				CLANG_ENABLE_OBJC_WEAK = YES;
				CLANG_WARN_BLOCK_CAPTURE_AUTORELEASING = YES;
				CLANG_WARN_BOOL_CONVERSION = YES;
				CLANG_WARN_COMMA = YES;
				CLANG_WARN_CONSTANT_CONVERSION = YES;
				CLANG_WARN_DEPRECATED_OBJC_IMPLEMENTATIONS = YES;
				CLANG_WARN_DIRECT_OBJC_ISA_USAGE = YES_ERROR;
				CLANG_WARN_DOCUMENTATION_COMMENTS = YES;
				CLANG_WARN_EMPTY_BODY = YES;
				CLANG_WARN_ENUM_CONVERSION = YES;
				CLANG_WARN_INFINITE_RECURSION = YES;
				CLANG_WARN_INT_CONVERSION = YES;
				CLANG_WARN_NON_LITERAL_NULL_CONVERSION = YES;
				CLANG_WARN_OBJC_IMPLICIT_RETAIN_SELF = YES;
				CLANG_WARN_OBJC_LITERAL_CONVERSION = YES;
				CLANG_WARN_OBJC_ROOT_CLASS = YES_ERROR;
				CLANG_WARN_QUOTED_INCLUDE_IN_FRAMEWORK_HEADER = YES;
				CLANG_WARN_RANGE_LOOP_ANALYSIS = YES;
				CLANG_WARN_STRICT_PROTOTYPES = YES;
				CLANG_WARN_SUSPICIOUS_MOVE = YES;
				CLANG_WARN_UNGUARDED_AVAILABILITY = YES_AGGRESSIVE;
				CLANG_WARN_UNREACHABLE_CODE = YES;
				CLANG_WARN__DUPLICATE_METHOD_MATCH = YES;
				COPY_PHASE_STRIP = NO;
				DEBUG_INFORMATION_FORMAT = "dwarf-with-dsym";
				DEVELOPMENT_TEAM = G64X4LJMLZ;
				ENABLE_NS_ASSERTIONS = NO;
				ENABLE_STRICT_OBJC_MSGSEND = YES;
				ENABLE_USER_SCRIPT_SANDBOXING = YES;
				GCC_C_LANGUAGE_STANDARD = gnu17;
				GCC_NO_COMMON_BLOCKS = YES;
				GCC_WARN_64_TO_32_BIT_CONVERSION = YES;
				GCC_WARN_ABOUT_RETURN_TYPE = YES_ERROR;
				GCC_WARN_UNDECLARED_SELECTOR = YES;
				GCC_WARN_UNINITIALIZED_AUTOS = YES_AGGRESSIVE;
				GCC_WARN_UNUSED_FUNCTION = YES;
				GCC_WARN_UNUSED_VARIABLE = YES;
				IPHONEOS_DEPLOYMENT_TARGET = 26.1;
				LOCALIZATION_PREFERS_STRING_CATALOGS = YES;
				MTL_ENABLE_DEBUG_INFO = NO;
				MTL_FAST_MATH = YES;
				SDKROOT = iphoneos;
				SWIFT_COMPILATION_MODE = wholemodule;
				VALIDATE_PRODUCT = YES;
			};
			name = Release;
		};
		A41C5D0D2ED0A5DA00C44E2B /* Debug */ = {
			isa = XCBuildConfiguration;
			buildSettings = {
				ASSETCATALOG_COMPILER_APPICON_NAME = AppIcon;
				ASSETCATALOG_COMPILER_GLOBAL_ACCENT_COLOR_NAME = AccentColor;
				CODE_SIGN_STYLE = Automatic;
				CURRENT_PROJECT_VERSION = 1;
				DEVELOPMENT_TEAM = G64X4LJMLZ;
				ENABLE_PREVIEWS = YES;
				GENERATE_INFOPLIST_FILE = YES;
				INFOPLIST_KEY_UIApplicationSceneManifest_Generation = YES;
				INFOPLIST_KEY_UIApplicationSupportsIndirectInputEvents = YES;
				INFOPLIST_KEY_UILaunchScreen_Generation = YES;
				INFOPLIST_KEY_UISupportedInterfaceOrientations_iPad = "UIInterfaceOrientationPortrait UIInterfaceOrientationPortraitUpsideDown UIInterfaceOrientationLandscapeLeft UIInterfaceOrientationLandscapeRight";
				INFOPLIST_KEY_UISupportedInterfaceOrientations_iPhone = "UIInterfaceOrientationPortrait UIInterfaceOrientationLandscapeLeft UIInterfaceOrientationLandscapeRight";
				LD_RUNPATH_SEARCH_PATHS = (
					"$(inherited)",
					"@executable_path/Frameworks",
				);
				MARKETING_VERSION = 1.0;
				PRODUCT_BUNDLE_IDENTIFIER = "com.bdcapps.SMS-Protection";
				PRODUCT_NAME = "$(TARGET_NAME)";
				STRING_CATALOG_GENERATE_SYMBOLS = YES;
				SWIFT_APPROACHABLE_CONCURRENCY = YES;
				SWIFT_DEFAULT_ACTOR_ISOLATION = MainActor;
				SWIFT_EMIT_LOC_STRINGS = YES;
				SWIFT_UPCOMING_FEATURE_MEMBER_IMPORT_VISIBILITY = YES;
				SWIFT_VERSION = 5.0;
				TARGETED_DEVICE_FAMILY = "1,2";
			};
			name = Debug;
		};
		A41C5D0E2ED0A5DA00C44E2B /* Release */ = {
			isa = XCBuildConfiguration;
			buildSettings = {
				ASSETCATALOG_COMPILER_APPICON_NAME = AppIcon;
				ASSETCATALOG_COMPILER_GLOBAL_ACCENT_COLOR_NAME = AccentColor;
				CODE_SIGN_STYLE = Automatic;
				CURRENT_PROJECT_VERSION = 1;
				DEVELOPMENT_TEAM = G64X4LJMLZ;
				ENABLE_PREVIEWS = YES;
				GENERATE_INFOPLIST_FILE = YES;
				INFOPLIST_KEY_UIApplicationSceneManifest_Generation = YES;
				INFOPLIST_KEY_UIApplicationSupportsIndirectInputEvents = YES;
				INFOPLIST_KEY_UILaunchScreen_Generation = YES;
				INFOPLIST_KEY_UISupportedInterfaceOrientations_iPad = "UIInterfaceOrientationPortrait UIInterfaceOrientationPortraitUpsideDown UIInterfaceOrientationLandscapeLeft UIInterfaceOrientationLandscapeRight";
				INFOPLIST_KEY_UISupportedInterfaceOrientations_iPhone = "UIInterfaceOrientationPortrait UIInterfaceOrientationLandscapeLeft UIInterfaceOrientationLandscapeRight";
				LD_RUNPATH_SEARCH_PATHS = (
					"$(inherited)",
					"@executable_path/Frameworks",
				);
				MARKETING_VERSION = 1.0;
				PRODUCT_BUNDLE_IDENTIFIER = "com.bdcapps.SMS-Protection";
				PRODUCT_NAME = "$(TARGET_NAME)";
				STRING_CATALOG_GENERATE_SYMBOLS = YES;
				SWIFT_APPROACHABLE_CONCURRENCY = YES;
				SWIFT_DEFAULT_ACTOR_ISOLATION = MainActor;
				SWIFT_EMIT_LOC_STRINGS = YES;
				SWIFT_UPCOMING_FEATURE_MEMBER_IMPORT_VISIBILITY = YES;
				SWIFT_VERSION = 5.0;
				TARGETED_DEVICE_FAMILY = "1,2";
			};
			name = Release;
		};
		A41C5D102ED0A5DA00C44E2B /* Debug */ = {
			isa = XCBuildConfiguration;
			buildSettings = {
				BUNDLE_LOADER = "$(TEST_HOST)";
				CODE_SIGN_STYLE = Automatic;
				CURRENT_PROJECT_VERSION = 1;
				DEVELOPMENT_TEAM = G64X4LJMLZ;
				GENERATE_INFOPLIST_FILE = YES;
				IPHONEOS_DEPLOYMENT_TARGET = 26.1;
				MARKETING_VERSION = 1.0;
				PRODUCT_BUNDLE_IDENTIFIER = "com.bdcapps.SMS-ProtectionTests";
				PRODUCT_NAME = "$(TARGET_NAME)";
				STRING_CATALOG_GENERATE_SYMBOLS = NO;
				SWIFT_APPROACHABLE_CONCURRENCY = YES;
				SWIFT_EMIT_LOC_STRINGS = NO;
				SWIFT_UPCOMING_FEATURE_MEMBER_IMPORT_VISIBILITY = YES;
				SWIFT_VERSION = 5.0;
				TARGETED_DEVICE_FAMILY = "1,2";
				TEST_HOST = "$(BUILT_PRODUCTS_DIR)/SMS Protection.app/$(BUNDLE_EXECUTABLE_FOLDER_PATH)/SMS Protection";
			};
			name = Debug;
		};
		A41C5D112ED0A5DA00C44E2B /* Release */ = {
			isa = XCBuildConfiguration;
			buildSettings = {
				BUNDLE_LOADER = "$(TEST_HOST)";
				CODE_SIGN_STYLE = Automatic;
				CURRENT_PROJECT_VERSION = 1;
				DEVELOPMENT_TEAM = G64X4LJMLZ;
				GENERATE_INFOPLIST_FILE = YES;
				IPHONEOS_DEPLOYMENT_TARGET = 26.1;
				MARKETING_VERSION = 1.0;
				PRODUCT_BUNDLE_IDENTIFIER = "com.bdcapps.SMS-ProtectionTests";
				PRODUCT_NAME = "$(TARGET_NAME)";
				STRING_CATALOG_GENERATE_SYMBOLS = NO;
				SWIFT_APPROACHABLE_CONCURRENCY = YES;
				SWIFT_EMIT_LOC_STRINGS = NO;
				SWIFT_UPCOMING_FEATURE_MEMBER_IMPORT_VISIBILITY = YES;
				SWIFT_VERSION = 5.0;
				TARGETED_DEVICE_FAMILY = "1,2";
				TEST_HOST = "$(BUILT_PRODUCTS_DIR)/SMS Protection.app/$(BUNDLE_EXECUTABLE_FOLDER_PATH)/SMS Protection";
			};
			name = Release;
		};
		A41C5D132ED0A5DA00C44E2B /* Debug */ = {
			isa = XCBuildConfiguration;
			buildSettings = {
				CODE_SIGN_STYLE = Automatic;
				CURRENT_PROJECT_VERSION = 1;
				DEVELOPMENT_TEAM = G64X4LJMLZ;
				GENERATE_INFOPLIST_FILE = YES;
				MARKETING_VERSION = 1.0;
				PRODUCT_BUNDLE_IDENTIFIER = "com.bdcapps.SMS-ProtectionUITests";
				PRODUCT_NAME = "$(TARGET_NAME)";
				STRING_CATALOG_GENERATE_SYMBOLS = NO;
				SWIFT_APPROACHABLE_CONCURRENCY = YES;
				SWIFT_EMIT_LOC_STRINGS = NO;
				SWIFT_UPCOMING_FEATURE_MEMBER_IMPORT_VISIBILITY = YES;
				SWIFT_VERSION = 5.0;
				TARGETED_DEVICE_FAMILY = "1,2";
				TEST_TARGET_NAME = "SMS Protection";
			};
			name = Debug;
		};
		A41C5D142ED0A5DA00C44E2B /* Release */ = {
			isa = XCBuildConfiguration;
			buildSettings = {
				CODE_SIGN_STYLE = Automatic;
				CURRENT_PROJECT_VERSION = 1;
				DEVELOPMENT_TEAM = G64X4LJMLZ;
				GENERATE_INFOPLIST_FILE = YES;
				MARKETING_VERSION = 1.0;
				PRODUCT_BUNDLE_IDENTIFIER = "com.bdcapps.SMS-ProtectionUITests";
				PRODUCT_NAME = "$(TARGET_NAME)";
				STRING_CATALOG_GENERATE_SYMBOLS = NO;
				SWIFT_APPROACHABLE_CONCURRENCY = YES;
				SWIFT_EMIT_LOC_STRINGS = NO;
				SWIFT_UPCOMING_FEATURE_MEMBER_IMPORT_VISIBILITY = YES;
				SWIFT_VERSION = 5.0;
				TARGETED_DEVICE_FAMILY = "1,2";
				TEST_TARGET_NAME = "SMS Protection";
			};
			name = Release;
		};
/* End XCBuildConfiguration section */

/* Begin XCConfigurationList section */
		A41C5CE62ED0A5D700C44E2B /* Build configuration list for PBXProject "SMS Protection" */ = {
			isa = XCConfigurationList;
			buildConfigurations = (
				A41C5D0A2ED0A5DA00C44E2B /* Debug */,
				A41C5D0B2ED0A5DA00C44E2B /* Release */,
			);
			defaultConfigurationIsVisible = 0;
			defaultConfigurationName = Release;
		};
		A41C5D0C2ED0A5DA00C44E2B /* Build configuration list for PBXNativeTarget "SMS Protection" */ = {
			isa = XCConfigurationList;
			buildConfigurations = (
				A41C5D0D2ED0A5DA00C44E2B /* Debug */,
				A41C5D0E2ED0A5DA00C44E2B /* Release */,
			);
			defaultConfigurationIsVisible = 0;
			defaultConfigurationName = Release;
		};
		A41C5D0F2ED0A5DA00C44E2B /* Build configuration list for PBXNativeTarget "SMS ProtectionTests" */ = {
			isa = XCConfigurationList;
			buildConfigurations = (
				A41C5D102ED0A5DA00C44E2B /* Debug */,
				A41C5D112ED0A5DA00C44E2B /* Release */,
			);
			defaultConfigurationIsVisible = 0;
			defaultConfigurationName = Release;
		};
		A41C5D122ED0A5DA00C44E2B /* Build configuration list for PBXNativeTarget "SMS ProtectionUITests" */ = {
			isa = XCConfigurationList;
			buildConfigurations = (
				A41C5D132ED0A5DA00C44E2B /* Debug */,
				A41C5D142ED0A5DA00C44E2B /* Release */,
			);
			defaultConfigurationIsVisible = 0;
			defaultConfigurationName = Release;
		};
/* End XCConfigurationList section */
	};
	rootObject = A41C5CE32ED0A5D700C44E2B /* Project object */;
}
